// !$*UTF8*$!
{
	archiveVersion = 1;
	classes = {
	};
	objectVersion = 46;
	objects = {

/* Begin PBXBuildFile section */
		2748EBFD1D12EC090089949D /* ProductTable.swift in Sources */ = {isa = PBXBuildFile; fileRef = 2748EBFC1D12EC080089949D /* ProductTable.swift */; };
		2748EBFF1D12EC2F0089949D /* AccTable.swift in Sources */ = {isa = PBXBuildFile; fileRef = 2748EBFE1D12EC2F0089949D /* AccTable.swift */; };
		2748EC011D12EC460089949D /* ClientTable.swift in Sources */ = {isa = PBXBuildFile; fileRef = 2748EC001D12EC460089949D /* ClientTable.swift */; };
		275D786F1D1153E6003654E5 /* AppDelegate.swift in Sources */ = {isa = PBXBuildFile; fileRef = 275D786E1D1153E6003654E5 /* AppDelegate.swift */; };
		275D78711D1153E6003654E5 /* ViewController.swift in Sources */ = {isa = PBXBuildFile; fileRef = 275D78701D1153E6003654E5 /* ViewController.swift */; };
		275D78741D1153E7003654E5 /* Main.storyboard in Resources */ = {isa = PBXBuildFile; fileRef = 275D78721D1153E7003654E5 /* Main.storyboard */; };
		275D78771D1153EB003654E5 /* Liquid.xcdatamodeld in Sources */ = {isa = PBXBuildFile; fileRef = 275D78751D1153EA003654E5 /* Liquid.xcdatamodeld */; };
		275D78791D1153EB003654E5 /* Assets.xcassets in Resources */ = {isa = PBXBuildFile; fileRef = 275D78781D1153EB003654E5 /* Assets.xcassets */; };
		275D787C1D1153EB003654E5 /* LaunchScreen.storyboard in Resources */ = {isa = PBXBuildFile; fileRef = 275D787A1D1153EB003654E5 /* LaunchScreen.storyboard */; };
		275D78871D1153ED003654E5 /* LiquidTests.swift in Sources */ = {isa = PBXBuildFile; fileRef = 275D78861D1153ED003654E5 /* LiquidTests.swift */; };
		275D78921D1153EF003654E5 /* LiquidUITests.swift in Sources */ = {isa = PBXBuildFile; fileRef = 275D78911D1153EF003654E5 /* LiquidUITests.swift */; };
		278075681D14029C00E65DF8 /* ProductCell.swift in Sources */ = {isa = PBXBuildFile; fileRef = 278075671D14029C00E65DF8 /* ProductCell.swift */; };
		2780756A1D14096F00E65DF8 /* ClientCell.swift in Sources */ = {isa = PBXBuildFile; fileRef = 278075691D14096F00E65DF8 /* ClientCell.swift */; };
		2780756F1D140DDD00E65DF8 /* AcceleratorCell.swift in Sources */ = {isa = PBXBuildFile; fileRef = 2780756E1D140DDD00E65DF8 /* AcceleratorCell.swift */; };
		278075741D14199900E65DF8 /* ClientDetails.swift in Sources */ = {isa = PBXBuildFile; fileRef = 278075731D14199900E65DF8 /* ClientDetails.swift */; };
		278075781D146CA800E65DF8 /* call.png in Resources */ = {isa = PBXBuildFile; fileRef = 278075771D146CA800E65DF8 /* call.png */; };
		2780758D1D1816E300E65DF8 /* Charts.framework in Frameworks */ = {isa = PBXBuildFile; fileRef = 278075831D18145800E65DF8 /* Charts.framework */; };
		2780758E1D1816E300E65DF8 /* Charts.framework in Embed Frameworks */ = {isa = PBXBuildFile; fileRef = 278075831D18145800E65DF8 /* Charts.framework */; settings = {ATTRIBUTES = (CodeSignOnCopy, RemoveHeadersOnCopy, ); }; };
		278075931D1817C400E65DF8 /* ProjectDetails.swift in Sources */ = {isa = PBXBuildFile; fileRef = 278075921D1817C400E65DF8 /* ProjectDetails.swift */; };
		278075951D1924DC00E65DF8 /* SwiftyAccordionCells.swift in Sources */ = {isa = PBXBuildFile; fileRef = 278075941D1924DC00E65DF8 /* SwiftyAccordionCells.swift */; };
		278075971D1946E900E65DF8 /* CategoryCell.swift in Sources */ = {isa = PBXBuildFile; fileRef = 278075961D1946E900E65DF8 /* CategoryCell.swift */; };
		27E0FE7C1D1162D5001B9806 /* logo.png in Resources */ = {isa = PBXBuildFile; fileRef = 27E0FE7B1D1162D5001B9806 /* logo.png */; };
		27E0FE801D116FA5001B9806 /* SegmentedView.swift in Sources */ = {isa = PBXBuildFile; fileRef = 27E0FE7F1D116FA5001B9806 /* SegmentedView.swift */; };
		27E0FE821D1174FD001B9806 /* ProjectModel.swift in Sources */ = {isa = PBXBuildFile; fileRef = 27E0FE811D1174FD001B9806 /* ProjectModel.swift */; };
		27E0FE841D117FE3001B9806 /* ClientModel.swift in Sources */ = {isa = PBXBuildFile; fileRef = 27E0FE831D117FE3001B9806 /* ClientModel.swift */; };
		27E0FE861D117FF7001B9806 /* ComponentModel.swift in Sources */ = {isa = PBXBuildFile; fileRef = 27E0FE851D117FF7001B9806 /* ComponentModel.swift */; };
		27E0FE881D12A146001B9806 /* AcceleratorModel.swift in Sources */ = {isa = PBXBuildFile; fileRef = 27E0FE871D12A146001B9806 /* AcceleratorModel.swift */; };
/* End PBXBuildFile section */

/* Begin PBXContainerItemProxy section */
		275D78831D1153EC003654E5 /* PBXContainerItemProxy */ = {
			isa = PBXContainerItemProxy;
			containerPortal = 275D78631D1153E3003654E5 /* Project object */;
			proxyType = 1;
			remoteGlobalIDString = 275D786A1D1153E4003654E5;
			remoteInfo = Liquid;
		};
		275D788E1D1153EE003654E5 /* PBXContainerItemProxy */ = {
			isa = PBXContainerItemProxy;
			containerPortal = 275D78631D1153E3003654E5 /* Project object */;
			proxyType = 1;
			remoteGlobalIDString = 275D786A1D1153E4003654E5;
			remoteInfo = Liquid;
		};
		278075821D18145800E65DF8 /* PBXContainerItemProxy */ = {
			isa = PBXContainerItemProxy;
			containerPortal = 2780757B1D18145400E65DF8 /* Charts.xcodeproj */;
			proxyType = 2;
			remoteGlobalIDString = 5BA8EC401A9D14DC00CE82E1;
			remoteInfo = "Charts-iOS";
		};
		278075841D18145800E65DF8 /* PBXContainerItemProxy */ = {
			isa = PBXContainerItemProxy;
			containerPortal = 2780757B1D18145400E65DF8 /* Charts.xcodeproj */;
			proxyType = 2;
			remoteGlobalIDString = A52C5C371BAC5CA400594CDD;
			remoteInfo = "Charts-TV";
		};
		278075861D18145800E65DF8 /* PBXContainerItemProxy */ = {
			isa = PBXContainerItemProxy;
			containerPortal = 2780757B1D18145400E65DF8 /* Charts.xcodeproj */;
			proxyType = 2;
			remoteGlobalIDString = 65B3F5BF1C7370BE000983D0;
			remoteInfo = "Charts-OSX";
		};
		278075881D18145800E65DF8 /* PBXContainerItemProxy */ = {
			isa = PBXContainerItemProxy;
			containerPortal = 2780757B1D18145400E65DF8 /* Charts.xcodeproj */;
			proxyType = 2;
			remoteGlobalIDString = 06AEE7A21BDC3F8B009875AE;
			remoteInfo = ChartsTests;
		};
		2780758F1D1816E300E65DF8 /* PBXContainerItemProxy */ = {
			isa = PBXContainerItemProxy;
			containerPortal = 2780757B1D18145400E65DF8 /* Charts.xcodeproj */;
			proxyType = 1;
			remoteGlobalIDString = 5BA8EC3F1A9D14DC00CE82E1;
			remoteInfo = "Charts-iOS";
		};
/* End PBXContainerItemProxy section */

/* Begin PBXCopyFilesBuildPhase section */
		278075911D1816E400E65DF8 /* Embed Frameworks */ = {
			isa = PBXCopyFilesBuildPhase;
			buildActionMask = 2147483647;
			dstPath = "";
			dstSubfolderSpec = 10;
			files = (
				2780758E1D1816E300E65DF8 /* Charts.framework in Embed Frameworks */,
			);
			name = "Embed Frameworks";
			runOnlyForDeploymentPostprocessing = 0;
		};
/* End PBXCopyFilesBuildPhase section */

/* Begin PBXFileReference section */
		2748EBFC1D12EC080089949D /* ProductTable.swift */ = {isa = PBXFileReference; fileEncoding = 4; lastKnownFileType = sourcecode.swift; path = ProductTable.swift; sourceTree = "<group>"; };
		2748EBFE1D12EC2F0089949D /* AccTable.swift */ = {isa = PBXFileReference; fileEncoding = 4; lastKnownFileType = sourcecode.swift; path = AccTable.swift; sourceTree = "<group>"; };
		2748EC001D12EC460089949D /* ClientTable.swift */ = {isa = PBXFileReference; fileEncoding = 4; lastKnownFileType = sourcecode.swift; path = ClientTable.swift; sourceTree = "<group>"; };
		275D786B1D1153E5003654E5 /* Liquid.app */ = {isa = PBXFileReference; explicitFileType = wrapper.application; includeInIndex = 0; path = Liquid.app; sourceTree = BUILT_PRODUCTS_DIR; };
		275D786E1D1153E6003654E5 /* AppDelegate.swift */ = {isa = PBXFileReference; lastKnownFileType = sourcecode.swift; path = AppDelegate.swift; sourceTree = "<group>"; };
		275D78701D1153E6003654E5 /* ViewController.swift */ = {isa = PBXFileReference; lastKnownFileType = sourcecode.swift; path = ViewController.swift; sourceTree = "<group>"; };
		275D78731D1153E7003654E5 /* Base */ = {isa = PBXFileReference; lastKnownFileType = file.storyboard; name = Base; path = Base.lproj/Main.storyboard; sourceTree = "<group>"; };
		275D78761D1153EA003654E5 /* Liquid.xcdatamodel */ = {isa = PBXFileReference; lastKnownFileType = wrapper.xcdatamodel; path = Liquid.xcdatamodel; sourceTree = "<group>"; };
		275D78781D1153EB003654E5 /* Assets.xcassets */ = {isa = PBXFileReference; lastKnownFileType = folder.assetcatalog; path = Assets.xcassets; sourceTree = "<group>"; };
		275D787B1D1153EB003654E5 /* Base */ = {isa = PBXFileReference; lastKnownFileType = file.storyboard; name = Base; path = Base.lproj/LaunchScreen.storyboard; sourceTree = "<group>"; };
		275D787D1D1153EC003654E5 /* Info.plist */ = {isa = PBXFileReference; lastKnownFileType = text.plist.xml; path = Info.plist; sourceTree = "<group>"; };
		275D78821D1153EC003654E5 /* LiquidTests.xctest */ = {isa = PBXFileReference; explicitFileType = wrapper.cfbundle; includeInIndex = 0; path = LiquidTests.xctest; sourceTree = BUILT_PRODUCTS_DIR; };
		275D78861D1153ED003654E5 /* LiquidTests.swift */ = {isa = PBXFileReference; lastKnownFileType = sourcecode.swift; path = LiquidTests.swift; sourceTree = "<group>"; };
		275D78881D1153EE003654E5 /* Info.plist */ = {isa = PBXFileReference; lastKnownFileType = text.plist.xml; path = Info.plist; sourceTree = "<group>"; };
		275D788D1D1153EE003654E5 /* LiquidUITests.xctest */ = {isa = PBXFileReference; explicitFileType = wrapper.cfbundle; includeInIndex = 0; path = LiquidUITests.xctest; sourceTree = BUILT_PRODUCTS_DIR; };
		275D78911D1153EF003654E5 /* LiquidUITests.swift */ = {isa = PBXFileReference; lastKnownFileType = sourcecode.swift; path = LiquidUITests.swift; sourceTree = "<group>"; };
		275D78931D1153F0003654E5 /* Info.plist */ = {isa = PBXFileReference; lastKnownFileType = text.plist.xml; path = Info.plist; sourceTree = "<group>"; };
		278075671D14029C00E65DF8 /* ProductCell.swift */ = {isa = PBXFileReference; fileEncoding = 4; lastKnownFileType = sourcecode.swift; path = ProductCell.swift; sourceTree = "<group>"; };
		278075691D14096F00E65DF8 /* ClientCell.swift */ = {isa = PBXFileReference; fileEncoding = 4; lastKnownFileType = sourcecode.swift; path = ClientCell.swift; sourceTree = "<group>"; };
		2780756E1D140DDD00E65DF8 /* AcceleratorCell.swift */ = {isa = PBXFileReference; fileEncoding = 4; lastKnownFileType = sourcecode.swift; path = AcceleratorCell.swift; sourceTree = "<group>"; };
		278075731D14199900E65DF8 /* ClientDetails.swift */ = {isa = PBXFileReference; fileEncoding = 4; lastKnownFileType = sourcecode.swift; path = ClientDetails.swift; sourceTree = "<group>"; };
		278075771D146CA800E65DF8 /* call.png */ = {isa = PBXFileReference; lastKnownFileType = image.png; path = call.png; sourceTree = "<group>"; };
		2780757B1D18145400E65DF8 /* Charts.xcodeproj */ = {isa = PBXFileReference; lastKnownFileType = "wrapper.pb-project"; name = Charts.xcodeproj; path = Liquid/Charts/Charts.xcodeproj; sourceTree = "<group>"; };
		278075921D1817C400E65DF8 /* ProjectDetails.swift */ = {isa = PBXFileReference; fileEncoding = 4; lastKnownFileType = sourcecode.swift; path = ProjectDetails.swift; sourceTree = "<group>"; };
		278075941D1924DC00E65DF8 /* SwiftyAccordionCells.swift */ = {isa = PBXFileReference; fileEncoding = 4; lastKnownFileType = sourcecode.swift; path = SwiftyAccordionCells.swift; sourceTree = "<group>"; };
		278075961D1946E900E65DF8 /* CategoryCell.swift */ = {isa = PBXFileReference; fileEncoding = 4; lastKnownFileType = sourcecode.swift; path = CategoryCell.swift; sourceTree = "<group>"; };
		27E0FE7B1D1162D5001B9806 /* logo.png */ = {isa = PBXFileReference; lastKnownFileType = image.png; path = logo.png; sourceTree = "<group>"; };
		27E0FE7F1D116FA5001B9806 /* SegmentedView.swift */ = {isa = PBXFileReference; fileEncoding = 4; lastKnownFileType = sourcecode.swift; path = SegmentedView.swift; sourceTree = "<group>"; };
		27E0FE811D1174FD001B9806 /* ProjectModel.swift */ = {isa = PBXFileReference; fileEncoding = 4; lastKnownFileType = sourcecode.swift; path = ProjectModel.swift; sourceTree = "<group>"; };
		27E0FE831D117FE3001B9806 /* ClientModel.swift */ = {isa = PBXFileReference; fileEncoding = 4; lastKnownFileType = sourcecode.swift; path = ClientModel.swift; sourceTree = "<group>"; };
		27E0FE851D117FF7001B9806 /* ComponentModel.swift */ = {isa = PBXFileReference; fileEncoding = 4; lastKnownFileType = sourcecode.swift; path = ComponentModel.swift; sourceTree = "<group>"; };
		27E0FE871D12A146001B9806 /* AcceleratorModel.swift */ = {isa = PBXFileReference; fileEncoding = 4; lastKnownFileType = sourcecode.swift; path = AcceleratorModel.swift; sourceTree = "<group>"; };
/* End PBXFileReference section */

/* Begin PBXFrameworksBuildPhase section */
		275D78681D1153E4003654E5 /* Frameworks */ = {
			isa = PBXFrameworksBuildPhase;
			buildActionMask = 2147483647;
			files = (
				2780758D1D1816E300E65DF8 /* Charts.framework in Frameworks */,
			);
			runOnlyForDeploymentPostprocessing = 0;
		};
		275D787F1D1153EC003654E5 /* Frameworks */ = {
			isa = PBXFrameworksBuildPhase;
			buildActionMask = 2147483647;
			files = (
			);
			runOnlyForDeploymentPostprocessing = 0;
		};
		275D788A1D1153EE003654E5 /* Frameworks */ = {
			isa = PBXFrameworksBuildPhase;
			buildActionMask = 2147483647;
			files = (
			);
			runOnlyForDeploymentPostprocessing = 0;
		};
/* End PBXFrameworksBuildPhase section */

/* Begin PBXGroup section */
		275D78621D1153E2003654E5 = {
			isa = PBXGroup;
			children = (
				275D786D1D1153E5003654E5 /* Liquid */,
				275D78851D1153ED003654E5 /* LiquidTests */,
				275D78901D1153EF003654E5 /* LiquidUITests */,
				275D786C1D1153E5003654E5 /* Products */,
				2780757B1D18145400E65DF8 /* Charts.xcodeproj */,
			);
			sourceTree = "<group>";
		};
		275D786C1D1153E5003654E5 /* Products */ = {
			isa = PBXGroup;
			children = (
				275D786B1D1153E5003654E5 /* Liquid.app */,
				275D78821D1153EC003654E5 /* LiquidTests.xctest */,
				275D788D1D1153EE003654E5 /* LiquidUITests.xctest */,
			);
			name = Products;
			sourceTree = "<group>";
		};
		275D786D1D1153E5003654E5 /* Liquid */ = {
			isa = PBXGroup;
			children = (
				275D786E1D1153E6003654E5 /* AppDelegate.swift */,
				278075771D146CA800E65DF8 /* call.png */,
				275D78701D1153E6003654E5 /* ViewController.swift */,
				275D78721D1153E7003654E5 /* Main.storyboard */,
				275D78781D1153EB003654E5 /* Assets.xcassets */,
				275D787A1D1153EB003654E5 /* LaunchScreen.storyboard */,
				275D787D1D1153EC003654E5 /* Info.plist */,
				27E0FE7B1D1162D5001B9806 /* logo.png */,
				275D78751D1153EA003654E5 /* Liquid.xcdatamodeld */,
				27E0FE7F1D116FA5001B9806 /* SegmentedView.swift */,
				278075701D14192200E65DF8 /* DetailedViiews */,
				2780756B1D14098300E65DF8 /* Models */,
				2780756C1D14098A00E65DF8 /* TableViews */,
				2780756D1D14099F00E65DF8 /* TableCells */,
			);
			path = Liquid;
			sourceTree = "<group>";
		};
		275D78851D1153ED003654E5 /* LiquidTests */ = {
			isa = PBXGroup;
			children = (
				275D78861D1153ED003654E5 /* LiquidTests.swift */,
				275D78881D1153EE003654E5 /* Info.plist */,
			);
			path = LiquidTests;
			sourceTree = "<group>";
		};
		275D78901D1153EF003654E5 /* LiquidUITests */ = {
			isa = PBXGroup;
			children = (
				275D78911D1153EF003654E5 /* LiquidUITests.swift */,
				275D78931D1153F0003654E5 /* Info.plist */,
			);
			path = LiquidUITests;
			sourceTree = "<group>";
		};
		2780756B1D14098300E65DF8 /* Models */ = {
			isa = PBXGroup;
			children = (
				27E0FE811D1174FD001B9806 /* ProjectModel.swift */,
				27E0FE831D117FE3001B9806 /* ClientModel.swift */,
				27E0FE851D117FF7001B9806 /* ComponentModel.swift */,
				27E0FE871D12A146001B9806 /* AcceleratorModel.swift */,
				278075941D1924DC00E65DF8 /* SwiftyAccordionCells.swift */,
			);
			name = Models;
			sourceTree = "<group>";
		};
		2780756C1D14098A00E65DF8 /* TableViews */ = {
			isa = PBXGroup;
			children = (
				2748EBFC1D12EC080089949D /* ProductTable.swift */,
				2748EBFE1D12EC2F0089949D /* AccTable.swift */,
				2748EC001D12EC460089949D /* ClientTable.swift */,
			);
			name = TableViews;
			sourceTree = "<group>";
		};
		2780756D1D14099F00E65DF8 /* TableCells */ = {
			isa = PBXGroup;
			children = (
				278075671D14029C00E65DF8 /* ProductCell.swift */,
				278075691D14096F00E65DF8 /* ClientCell.swift */,
				2780756E1D140DDD00E65DF8 /* AcceleratorCell.swift */,
				278075961D1946E900E65DF8 /* CategoryCell.swift */,
			);
			name = TableCells;
			sourceTree = "<group>";
		};
		278075701D14192200E65DF8 /* DetailedViiews */ = {
			isa = PBXGroup;
			children = (
				278075731D14199900E65DF8 /* ClientDetails.swift */,
				278075921D1817C400E65DF8 /* ProjectDetails.swift */,
			);
			name = DetailedViiews;
			sourceTree = "<group>";
		};
		2780757C1D18145400E65DF8 /* Products */ = {
			isa = PBXGroup;
			children = (
				278075831D18145800E65DF8 /* Charts.framework */,
				278075851D18145800E65DF8 /* Charts.framework */,
				278075871D18145800E65DF8 /* Charts.framework */,
				278075891D18145800E65DF8 /* ChartsTests.xctest */,
			);
			name = Products;
			sourceTree = "<group>";
		};
/* End PBXGroup section */

/* Begin PBXNativeTarget section */
		275D786A1D1153E4003654E5 /* Liquid */ = {
			isa = PBXNativeTarget;
			buildConfigurationList = 275D78961D1153F0003654E5 /* Build configuration list for PBXNativeTarget "Liquid" */;
			buildPhases = (
				275D78671D1153E4003654E5 /* Sources */,
				275D78681D1153E4003654E5 /* Frameworks */,
				275D78691D1153E4003654E5 /* Resources */,
				278075911D1816E400E65DF8 /* Embed Frameworks */,
			);
			buildRules = (
			);
			dependencies = (
				278075901D1816E300E65DF8 /* PBXTargetDependency */,
			);
			name = Liquid;
			productName = Liquid;
			productReference = 275D786B1D1153E5003654E5 /* Liquid.app */;
			productType = "com.apple.product-type.application";
		};
		275D78811D1153EC003654E5 /* LiquidTests */ = {
			isa = PBXNativeTarget;
			buildConfigurationList = 275D78991D1153F0003654E5 /* Build configuration list for PBXNativeTarget "LiquidTests" */;
			buildPhases = (
				275D787E1D1153EC003654E5 /* Sources */,
				275D787F1D1153EC003654E5 /* Frameworks */,
				275D78801D1153EC003654E5 /* Resources */,
			);
			buildRules = (
			);
			dependencies = (
				275D78841D1153EC003654E5 /* PBXTargetDependency */,
			);
			name = LiquidTests;
			productName = LiquidTests;
			productReference = 275D78821D1153EC003654E5 /* LiquidTests.xctest */;
			productType = "com.apple.product-type.bundle.unit-test";
		};
		275D788C1D1153EE003654E5 /* LiquidUITests */ = {
			isa = PBXNativeTarget;
			buildConfigurationList = 275D789C1D1153F0003654E5 /* Build configuration list for PBXNativeTarget "LiquidUITests" */;
			buildPhases = (
				275D78891D1153EE003654E5 /* Sources */,
				275D788A1D1153EE003654E5 /* Frameworks */,
				275D788B1D1153EE003654E5 /* Resources */,
			);
			buildRules = (
			);
			dependencies = (
				275D788F1D1153EE003654E5 /* PBXTargetDependency */,
			);
			name = LiquidUITests;
			productName = LiquidUITests;
			productReference = 275D788D1D1153EE003654E5 /* LiquidUITests.xctest */;
			productType = "com.apple.product-type.bundle.ui-testing";
		};
/* End PBXNativeTarget section */

/* Begin PBXProject section */
		275D78631D1153E3003654E5 /* Project object */ = {
			isa = PBXProject;
			attributes = {
				LastSwiftUpdateCheck = 0730;
				LastUpgradeCheck = 0730;
				ORGANIZATIONNAME = Powani;
				TargetAttributes = {
					275D786A1D1153E4003654E5 = {
						CreatedOnToolsVersion = 7.3.1;
					};
					275D78811D1153EC003654E5 = {
						CreatedOnToolsVersion = 7.3.1;
						TestTargetID = 275D786A1D1153E4003654E5;
					};
					275D788C1D1153EE003654E5 = {
						CreatedOnToolsVersion = 7.3.1;
						TestTargetID = 275D786A1D1153E4003654E5;
					};
				};
			};
			buildConfigurationList = 275D78661D1153E3003654E5 /* Build configuration list for PBXProject "Liquid" */;
			compatibilityVersion = "Xcode 3.2";
			developmentRegion = English;
			hasScannedForEncodings = 0;
			knownRegions = (
				en,
				Base,
			);
			mainGroup = 275D78621D1153E2003654E5;
			productRefGroup = 275D786C1D1153E5003654E5 /* Products */;
			projectDirPath = "";
			projectReferences = (
				{
					ProductGroup = 2780757C1D18145400E65DF8 /* Products */;
					ProjectRef = 2780757B1D18145400E65DF8 /* Charts.xcodeproj */;
				},
			);
			projectRoot = "";
			targets = (
				275D786A1D1153E4003654E5 /* Liquid */,
				275D78811D1153EC003654E5 /* LiquidTests */,
				275D788C1D1153EE003654E5 /* LiquidUITests */,
			);
		};
/* End PBXProject section */

/* Begin PBXReferenceProxy section */
		278075831D18145800E65DF8 /* Charts.framework */ = {
			isa = PBXReferenceProxy;
			fileType = wrapper.framework;
			path = Charts.framework;
			remoteRef = 278075821D18145800E65DF8 /* PBXContainerItemProxy */;
			sourceTree = BUILT_PRODUCTS_DIR;
		};
		278075851D18145800E65DF8 /* Charts.framework */ = {
			isa = PBXReferenceProxy;
			fileType = wrapper.framework;
			path = Charts.framework;
			remoteRef = 278075841D18145800E65DF8 /* PBXContainerItemProxy */;
			sourceTree = BUILT_PRODUCTS_DIR;
		};
		278075871D18145800E65DF8 /* Charts.framework */ = {
			isa = PBXReferenceProxy;
			fileType = wrapper.framework;
			path = Charts.framework;
			remoteRef = 278075861D18145800E65DF8 /* PBXContainerItemProxy */;
			sourceTree = BUILT_PRODUCTS_DIR;
		};
		278075891D18145800E65DF8 /* ChartsTests.xctest */ = {
			isa = PBXReferenceProxy;
			fileType = wrapper.cfbundle;
			path = ChartsTests.xctest;
			remoteRef = 278075881D18145800E65DF8 /* PBXContainerItemProxy */;
			sourceTree = BUILT_PRODUCTS_DIR;
		};
/* End PBXReferenceProxy section */

/* Begin PBXResourcesBuildPhase section */
		275D78691D1153E4003654E5 /* Resources */ = {
			isa = PBXResourcesBuildPhase;
			buildActionMask = 2147483647;
			files = (
				27E0FE7C1D1162D5001B9806 /* logo.png in Resources */,
				278075781D146CA800E65DF8 /* call.png in Resources */,
				275D787C1D1153EB003654E5 /* LaunchScreen.storyboard in Resources */,
				275D78791D1153EB003654E5 /* Assets.xcassets in Resources */,
				275D78741D1153E7003654E5 /* Main.storyboard in Resources */,
			);
			runOnlyForDeploymentPostprocessing = 0;
		};
		275D78801D1153EC003654E5 /* Resources */ = {
			isa = PBXResourcesBuildPhase;
			buildActionMask = 2147483647;
			files = (
			);
			runOnlyForDeploymentPostprocessing = 0;
		};
		275D788B1D1153EE003654E5 /* Resources */ = {
			isa = PBXResourcesBuildPhase;
			buildActionMask = 2147483647;
			files = (
			);
			runOnlyForDeploymentPostprocessing = 0;
		};
/* End PBXResourcesBuildPhase section */

/* Begin PBXSourcesBuildPhase section */
		275D78671D1153E4003654E5 /* Sources */ = {
			isa = PBXSourcesBuildPhase;
			buildActionMask = 2147483647;
			files = (
				275D78711D1153E6003654E5 /* ViewController.swift in Sources */,
				27E0FE801D116FA5001B9806 /* SegmentedView.swift in Sources */,
				27E0FE861D117FF7001B9806 /* ComponentModel.swift in Sources */,
				275D78771D1153EB003654E5 /* Liquid.xcdatamodeld in Sources */,
				27E0FE821D1174FD001B9806 /* ProjectModel.swift in Sources */,
				278075971D1946E900E65DF8 /* CategoryCell.swift in Sources */,
				278075951D1924DC00E65DF8 /* SwiftyAccordionCells.swift in Sources */,
				27E0FE841D117FE3001B9806 /* ClientModel.swift in Sources */,
				2748EBFD1D12EC090089949D /* ProductTable.swift in Sources */,
				2780756F1D140DDD00E65DF8 /* AcceleratorCell.swift in Sources */,
				2748EC011D12EC460089949D /* ClientTable.swift in Sources */,
				275D786F1D1153E6003654E5 /* AppDelegate.swift in Sources */,
				278075741D14199900E65DF8 /* ClientDetails.swift in Sources */,
				278075681D14029C00E65DF8 /* ProductCell.swift in Sources */,
				278075931D1817C400E65DF8 /* ProjectDetails.swift in Sources */,
				2780756A1D14096F00E65DF8 /* ClientCell.swift in Sources */,
				2748EBFF1D12EC2F0089949D /* AccTable.swift in Sources */,
				27E0FE881D12A146001B9806 /* AcceleratorModel.swift in Sources */,
			);
			runOnlyForDeploymentPostprocessing = 0;
		};
		275D787E1D1153EC003654E5 /* Sources */ = {
			isa = PBXSourcesBuildPhase;
			buildActionMask = 2147483647;
			files = (
				275D78871D1153ED003654E5 /* LiquidTests.swift in Sources */,
			);
			runOnlyForDeploymentPostprocessing = 0;
		};
		275D78891D1153EE003654E5 /* Sources */ = {
			isa = PBXSourcesBuildPhase;
			buildActionMask = 2147483647;
			files = (
				275D78921D1153EF003654E5 /* LiquidUITests.swift in Sources */,
			);
			runOnlyForDeploymentPostprocessing = 0;
		};
/* End PBXSourcesBuildPhase section */

/* Begin PBXTargetDependency section */
		275D78841D1153EC003654E5 /* PBXTargetDependency */ = {
			isa = PBXTargetDependency;
			target = 275D786A1D1153E4003654E5 /* Liquid */;
			targetProxy = 275D78831D1153EC003654E5 /* PBXContainerItemProxy */;
		};
		275D788F1D1153EE003654E5 /* PBXTargetDependency */ = {
			isa = PBXTargetDependency;
			target = 275D786A1D1153E4003654E5 /* Liquid */;
			targetProxy = 275D788E1D1153EE003654E5 /* PBXContainerItemProxy */;
		};
		278075901D1816E300E65DF8 /* PBXTargetDependency */ = {
			isa = PBXTargetDependency;
			name = "Charts-iOS";
			targetProxy = 2780758F1D1816E300E65DF8 /* PBXContainerItemProxy */;
		};
/* End PBXTargetDependency section */

/* Begin PBXVariantGroup section */
		275D78721D1153E7003654E5 /* Main.storyboard */ = {
			isa = PBXVariantGroup;
			children = (
				275D78731D1153E7003654E5 /* Base */,
			);
			name = Main.storyboard;
			sourceTree = "<group>";
		};
		275D787A1D1153EB003654E5 /* LaunchScreen.storyboard */ = {
			isa = PBXVariantGroup;
			children = (
				275D787B1D1153EB003654E5 /* Base */,
			);
			name = LaunchScreen.storyboard;
			sourceTree = "<group>";
		};
/* End PBXVariantGroup section */

/* Begin XCBuildConfiguration section */
		275D78941D1153F0003654E5 /* Debug */ = {
			isa = XCBuildConfiguration;
			buildSettings = {
				ALWAYS_SEARCH_USER_PATHS = NO;
				CLANG_ANALYZER_NONNULL = YES;
				CLANG_CXX_LANGUAGE_STANDARD = "gnu++0x";
				CLANG_CXX_LIBRARY = "libc++";
				CLANG_ENABLE_MODULES = YES;
				CLANG_ENABLE_OBJC_ARC = YES;
				CLANG_WARN_BOOL_CONVERSION = YES;
				CLANG_WARN_CONSTANT_CONVERSION = YES;
				CLANG_WARN_DIRECT_OBJC_ISA_USAGE = YES_ERROR;
				CLANG_WARN_EMPTY_BODY = YES;
				CLANG_WARN_ENUM_CONVERSION = YES;
				CLANG_WARN_INT_CONVERSION = YES;
				CLANG_WARN_OBJC_ROOT_CLASS = YES_ERROR;
				CLANG_WARN_UNREACHABLE_CODE = YES;
				CLANG_WARN__DUPLICATE_METHOD_MATCH = YES;
				"CODE_SIGN_IDENTITY[sdk=iphoneos*]" = "iPhone Developer";
				COPY_PHASE_STRIP = NO;
				DEBUG_INFORMATION_FORMAT = dwarf;
				ENABLE_STRICT_OBJC_MSGSEND = YES;
				ENABLE_TESTABILITY = YES;
				GCC_C_LANGUAGE_STANDARD = gnu99;
				GCC_DYNAMIC_NO_PIC = NO;
				GCC_NO_COMMON_BLOCKS = YES;
				GCC_OPTIMIZATION_LEVEL = 0;
				GCC_PREPROCESSOR_DEFINITIONS = (
					"DEBUG=1",
					"$(inherited)",
				);
				GCC_WARN_64_TO_32_BIT_CONVERSION = YES;
				GCC_WARN_ABOUT_RETURN_TYPE = YES_ERROR;
				GCC_WARN_UNDECLARED_SELECTOR = YES;
				GCC_WARN_UNINITIALIZED_AUTOS = YES_AGGRESSIVE;
				GCC_WARN_UNUSED_FUNCTION = YES;
				GCC_WARN_UNUSED_VARIABLE = YES;
				IPHONEOS_DEPLOYMENT_TARGET = 9.3;
				MTL_ENABLE_DEBUG_INFO = YES;
				ONLY_ACTIVE_ARCH = YES;
				SDKROOT = iphoneos;
				SWIFT_OPTIMIZATION_LEVEL = "-Onone";
			};
			name = Debug;
		};
		275D78951D1153F0003654E5 /* Release */ = {
			isa = XCBuildConfiguration;
			buildSettings = {
				ALWAYS_SEARCH_USER_PATHS = NO;
				CLANG_ANALYZER_NONNULL = YES;
				CLANG_CXX_LANGUAGE_STANDARD = "gnu++0x";
				CLANG_CXX_LIBRARY = "libc++";
				CLANG_ENABLE_MODULES = YES;
				CLANG_ENABLE_OBJC_ARC = YES;
				CLANG_WARN_BOOL_CONVERSION = YES;
				CLANG_WARN_CONSTANT_CONVERSION = YES;
				CLANG_WARN_DIRECT_OBJC_ISA_USAGE = YES_ERROR;
				CLANG_WARN_EMPTY_BODY = YES;
				CLANG_WARN_ENUM_CONVERSION = YES;
				CLANG_WARN_INT_CONVERSION = YES;
				CLANG_WARN_OBJC_ROOT_CLASS = YES_ERROR;
				CLANG_WARN_UNREACHABLE_CODE = YES;
				CLANG_WARN__DUPLICATE_METHOD_MATCH = YES;
				"CODE_SIGN_IDENTITY[sdk=iphoneos*]" = "iPhone Developer";
				COPY_PHASE_STRIP = NO;
				DEBUG_INFORMATION_FORMAT = "dwarf-with-dsym";
				ENABLE_NS_ASSERTIONS = NO;
				ENABLE_STRICT_OBJC_MSGSEND = YES;
				GCC_C_LANGUAGE_STANDARD = gnu99;
				GCC_NO_COMMON_BLOCKS = YES;
				GCC_WARN_64_TO_32_BIT_CONVERSION = YES;
				GCC_WARN_ABOUT_RETURN_TYPE = YES_ERROR;
				GCC_WARN_UNDECLARED_SELECTOR = YES;
				GCC_WARN_UNINITIALIZED_AUTOS = YES_AGGRESSIVE;
				GCC_WARN_UNUSED_FUNCTION = YES;
				GCC_WARN_UNUSED_VARIABLE = YES;
				IPHONEOS_DEPLOYMENT_TARGET = 9.3;
				MTL_ENABLE_DEBUG_INFO = NO;
				SDKROOT = iphoneos;
				VALIDATE_PRODUCT = YES;
			};
			name = Release;
		};
		275D78971D1153F0003654E5 /* Debug */ = {
			isa = XCBuildConfiguration;
			buildSettings = {
				ASSETCATALOG_COMPILER_APPICON_NAME = AppIcon;
				EMBEDDED_CONTENT_CONTAINS_SWIFT = YES;
				INFOPLIST_FILE = Liquid/Info.plist;
				LD_RUNPATH_SEARCH_PATHS = "$(inherited) @executable_path/Frameworks";
				PRODUCT_BUNDLE_IDENTIFIER = edu.self.Liquid;
				PRODUCT_NAME = "$(TARGET_NAME)";
			};
			name = Debug;
		};
		275D78981D1153F0003654E5 /* Release */ = {
			isa = XCBuildConfiguration;
			buildSettings = {
				ASSETCATALOG_COMPILER_APPICON_NAME = AppIcon;
				EMBEDDED_CONTENT_CONTAINS_SWIFT = YES;
				INFOPLIST_FILE = Liquid/Info.plist;
				LD_RUNPATH_SEARCH_PATHS = "$(inherited) @executable_path/Frameworks";
				PRODUCT_BUNDLE_IDENTIFIER = edu.self.Liquid;
				PRODUCT_NAME = "$(TARGET_NAME)";
			};
			name = Release;
		};
		275D789A1D1153F0003654E5 /* Debug */ = {
			isa = XCBuildConfiguration;
			buildSettings = {
				BUNDLE_LOADER = "$(TEST_HOST)";
				INFOPLIST_FILE = LiquidTests/Info.plist;
				LD_RUNPATH_SEARCH_PATHS = "$(inherited) @executable_path/Frameworks @loader_path/Frameworks";
				PRODUCT_BUNDLE_IDENTIFIER = edu.self.LiquidTests;
				PRODUCT_NAME = "$(TARGET_NAME)";
				TEST_HOST = "$(BUILT_PRODUCTS_DIR)/Liquid.app/Liquid";
			};
			name = Debug;
		};
		275D789B1D1153F0003654E5 /* Release */ = {
			isa = XCBuildConfiguration;
			buildSettings = {
				BUNDLE_LOADER = "$(TEST_HOST)";
				INFOPLIST_FILE = LiquidTests/Info.plist;
				LD_RUNPATH_SEARCH_PATHS = "$(inherited) @executable_path/Frameworks @loader_path/Frameworks";
				PRODUCT_BUNDLE_IDENTIFIER = edu.self.LiquidTests;
				PRODUCT_NAME = "$(TARGET_NAME)";
				TEST_HOST = "$(BUILT_PRODUCTS_DIR)/Liquid.app/Liquid";
			};
			name = Release;
		};
		275D789D1D1153F0003654E5 /* Debug */ = {
			isa = XCBuildConfiguration;
			buildSettings = {
				INFOPLIST_FILE = LiquidUITests/Info.plist;
				LD_RUNPATH_SEARCH_PATHS = "$(inherited) @executable_path/Frameworks @loader_path/Frameworks";
				PRODUCT_BUNDLE_IDENTIFIER = edu.self.LiquidUITests;
				PRODUCT_NAME = "$(TARGET_NAME)";
				TEST_TARGET_NAME = Liquid;
			};
			name = Debug;
		};
		275D789E1D1153F0003654E5 /* Release */ = {
			isa = XCBuildConfiguration;
			buildSettings = {
				INFOPLIST_FILE = LiquidUITests/Info.plist;
				LD_RUNPATH_SEARCH_PATHS = "$(inherited) @executable_path/Frameworks @loader_path/Frameworks";
				PRODUCT_BUNDLE_IDENTIFIER = edu.self.LiquidUITests;
				PRODUCT_NAME = "$(TARGET_NAME)";
				TEST_TARGET_NAME = Liquid;
			};
			name = Release;
		};
/* End XCBuildConfiguration section */

/* Begin XCConfigurationList section */
		275D78661D1153E3003654E5 /* Build configuration list for PBXProject "Liquid" */ = {
			isa = XCConfigurationList;
			buildConfigurations = (
				275D78941D1153F0003654E5 /* Debug */,
				275D78951D1153F0003654E5 /* Release */,
			);
			defaultConfigurationIsVisible = 0;
			defaultConfigurationName = Release;
		};
		275D78961D1153F0003654E5 /* Build configuration list for PBXNativeTarget "Liquid" */ = {
			isa = XCConfigurationList;
			buildConfigurations = (
				275D78971D1153F0003654E5 /* Debug */,
				275D78981D1153F0003654E5 /* Release */,
			);
			defaultConfigurationIsVisible = 0;
			defaultConfigurationName = Release;
		};
		275D78991D1153F0003654E5 /* Build configuration list for PBXNativeTarget "LiquidTests" */ = {
			isa = XCConfigurationList;
			buildConfigurations = (
				275D789A1D1153F0003654E5 /* Debug */,
				275D789B1D1153F0003654E5 /* Release */,
			);
			defaultConfigurationIsVisible = 0;
			defaultConfigurationName = Release;
		};
		275D789C1D1153F0003654E5 /* Build configuration list for PBXNativeTarget "LiquidUITests" */ = {
			isa = XCConfigurationList;
			buildConfigurations = (
				275D789D1D1153F0003654E5 /* Debug */,
				275D789E1D1153F0003654E5 /* Release */,
			);
			defaultConfigurationIsVisible = 0;
			defaultConfigurationName = Release;
		};
/* End XCConfigurationList section */

/* Begin XCVersionGroup section */
		275D78751D1153EA003654E5 /* Liquid.xcdatamodeld */ = {
			isa = XCVersionGroup;
			children = (
				275D78761D1153EA003654E5 /* Liquid.xcdatamodel */,
			);
			currentVersion = 275D78761D1153EA003654E5 /* Liquid.xcdatamodel */;
			path = Liquid.xcdatamodeld;
			sourceTree = "<group>";
			versionGroupType = wrapper.xcdatamodel;
		};
/* End XCVersionGroup section */
	};
	rootObject = 275D78631D1153E3003654E5 /* Project object */;
}
